
Microsoft Visual Studio Solution File, Format Version 12.00
# Visual Studio Version 17
VisualStudioVersion = 17.6.33801.468
MinimumVisualStudioVersion = 10.0.40219.1
Project("{FAE04EC0-301F-11D3-BF4B-00C04F79EFBC}") = "To_do_list_windowsform", "To_do_list_windowsform\To_do_list_windowsform.csproj", "{BC69D644-22E9-4C3B-A550-DFBC94995BDC}"
EndProject
Global
	GlobalSection(SolutionConfigurationPlatforms) = preSolution
		Debug|Any CPU = Debug|Any CPU
		Release|Any CPU = Release|Any CPU
	EndGlobalSection
	GlobalSection(ProjectConfigurationPlatforms) = postSolution
		{BC69D644-22E9-4C3B-A550-DFBC94995BDC}.Debug|Any CPU.ActiveCfg = Debug|Any CPU
		{BC69D644-22E9-4C3B-A550-DFBC94995BDC}.Debug|Any CPU.Build.0 = Debug|Any CPU
		{BC69D644-22E9-4C3B-A550-DFBC94995BDC}.Release|Any CPU.ActiveCfg = Release|Any CPU
		{BC69D644-22E9-4C3B-A550-DFBC94995BDC}.Release|Any CPU.Build.0 = Release|Any CPU
	EndGlobalSection
	GlobalSection(SolutionProperties) = preSolution
		HideSolutionNode = FALSE
	EndGlobalSection
	GlobalSection(ExtensibilityGlobals) = postSolution
		SolutionGuid = {F4198AF7-60DD-454F-8F1A-1D3E8963D45E}
	EndGlobalSection
EndGlobal
